
Microsoft Visual Studio Solution File, Format Version 12.00
# Visual Studio 2013
VisualStudioVersion = 12.0.30723.0
MinimumVisualStudioVersion = 10.0.40219.1
Project("{FAE04EC0-301F-11D3-BF4B-00C04F79EFBC}") = "ApiService", "ApiService\ApiService.csproj", "{0802A4BA-CBBD-4645-9715-5120416B1E33}"
EndProject
Project("{FAE04EC0-301F-11D3-BF4B-00C04F79EFBC}") = "ApiService.Test", "ApiService.Test\ApiService.Test.csproj", "{62395E4F-8F4B-4F63-B16B-F22CB7A0C579}"
EndProject
Global
	GlobalSection(SolutionConfigurationPlatforms) = preSolution
		Debug|Any CPU = Debug|Any CPU
		Release|Any CPU = Release|Any CPU
	EndGlobalSection
	GlobalSection(ProjectConfigurationPlatforms) = postSolution
		{0802A4BA-CBBD-4645-9715-5120416B1E33}.Debug|Any CPU.ActiveCfg = Debug|Any CPU
		{0802A4BA-CBBD-4645-9715-5120416B1E33}.Debug|Any CPU.Build.0 = Debug|Any CPU
		{0802A4BA-CBBD-4645-9715-5120416B1E33}.Release|Any CPU.ActiveCfg = Release|Any CPU
		{0802A4BA-CBBD-4645-9715-5120416B1E33}.Release|Any CPU.Build.0 = Release|Any CPU
		{62395E4F-8F4B-4F63-B16B-F22CB7A0C579}.Debug|Any CPU.ActiveCfg = Debug|Any CPU
		{62395E4F-8F4B-4F63-B16B-F22CB7A0C579}.Debug|Any CPU.Build.0 = Debug|Any CPU
		{62395E4F-8F4B-4F63-B16B-F22CB7A0C579}.Release|Any CPU.ActiveCfg = Release|Any CPU
		{62395E4F-8F4B-4F63-B16B-F22CB7A0C579}.Release|Any CPU.Build.0 = Release|Any CPU
	EndGlobalSection
	GlobalSection(SolutionProperties) = preSolution
		HideSolutionNode = FALSE
	EndGlobalSection
EndGlobal
